
Microsoft Visual Studio Solution File, Format Version 12.00
# Visual Studio 14
VisualStudioVersion = 14.0.25420.1
MinimumVisualStudioVersion = 10.0.40219.1
Project("{E24C65DC-7377-472B-9ABA-BC803B73C61A}") = "website main", "website main\", "{E76D8CE2-A411-4546-A87B-98879F4D6F27}"
	ProjectSection(WebsiteProperties) = preProject
		TargetFrameworkMoniker = ".NETFramework,Version%3Dv4.0"
		Debug.AspNetCompiler.VirtualPath = "/localhost_50550"
		Debug.AspNetCompiler.PhysicalPath = "website main\"
		Debug.AspNetCompiler.TargetPath = "PrecompiledWeb\localhost_50550\"
		Debug.AspNetCompiler.Updateable = "true"
		Debug.AspNetCompiler.ForceOverwrite = "true"
		Debug.AspNetCompiler.FixedNames = "false"
		Debug.AspNetCompiler.Debug = "True"
		Release.AspNetCompiler.VirtualPath = "/localhost_50550"
		Release.AspNetCompiler.PhysicalPath = "website main\"
		Release.AspNetCompiler.TargetPath = "PrecompiledWeb\localhost_50550\"
		Release.AspNetCompiler.Updateable = "true"
		Release.AspNetCompiler.ForceOverwrite = "true"
		Release.AspNetCompiler.FixedNames = "false"
		Release.AspNetCompiler.Debug = "False"
		VWDPort = "50550"
		SlnRelativePath = "website main\"
	EndProjectSection
EndProject
Project("{888888A0-9F3D-457C-B088-3A5042F75D52}") = "FlaskProject", "FlaskProject\FlaskProject.pyproj", "{D3E36DAD-8F13-42AD-B638-889479BAD60C}"
EndProject
Global
	GlobalSection(SolutionConfigurationPlatforms) = preSolution
		Debug|Any CPU = Debug|Any CPU
		Release|Any CPU = Release|Any CPU
	EndGlobalSection
	GlobalSection(ProjectConfigurationPlatforms) = postSolution
		{E76D8CE2-A411-4546-A87B-98879F4D6F27}.Debug|Any CPU.ActiveCfg = Debug|Any CPU
		{E76D8CE2-A411-4546-A87B-98879F4D6F27}.Debug|Any CPU.Build.0 = Debug|Any CPU
		{E76D8CE2-A411-4546-A87B-98879F4D6F27}.Release|Any CPU.ActiveCfg = Debug|Any CPU
		{E76D8CE2-A411-4546-A87B-98879F4D6F27}.Release|Any CPU.Build.0 = Debug|Any CPU
		{D3E36DAD-8F13-42AD-B638-889479BAD60C}.Debug|Any CPU.ActiveCfg = Debug|Any CPU
		{D3E36DAD-8F13-42AD-B638-889479BAD60C}.Debug|Any CPU.Build.0 = Debug|Any CPU
		{D3E36DAD-8F13-42AD-B638-889479BAD60C}.Release|Any CPU.ActiveCfg = Release|Any CPU
		{D3E36DAD-8F13-42AD-B638-889479BAD60C}.Release|Any CPU.Build.0 = Release|Any CPU
	EndGlobalSection
	GlobalSection(SolutionProperties) = preSolution
		HideSolutionNode = FALSE
	EndGlobalSection
EndGlobal
